
Microsoft Visual Studio Solution File, Format Version 12.00
# Visual Studio 14
VisualStudioVersion = 14.0.25420.1
MinimumVisualStudioVersion = 10.0.40219.1
Project("{FAE04EC0-301F-11D3-BF4B-00C04F79EFBC}") = "01.01", "01.01\01.01.csproj", "{041E1E27-39E2-4D05-B368-32E732C9EE43}"
EndProject
Project("{FAE04EC0-301F-11D3-BF4B-00C04F79EFBC}") = "01.02", "01.02\01.02.csproj", "{3F5EC8A7-3951-43F1-8325-C61C7433C978}"
EndProject
Project("{FAE04EC0-301F-11D3-BF4B-00C04F79EFBC}") = "02.01", "02.01\02.01.csproj", "{6887CF3D-61CB-4A8D-9CCE-A91C4A08EC53}"
EndProject
Project("{FAE04EC0-301F-11D3-BF4B-00C04F79EFBC}") = "02.02", "02.02\02.02.csproj", "{869AD09A-E4D5-4904-871E-AFB98EB0DE5B}"
EndProject
Project("{FAE04EC0-301F-11D3-BF4B-00C04F79EFBC}") = "03.01", "03.01\03.01.csproj", "{8AC3CFDB-9EC0-4EF2-B13C-A054A6990F8E}"
EndProject
Project("{FAE04EC0-301F-11D3-BF4B-00C04F79EFBC}") = "03.02", "03.02\03.02.csproj", "{2C952747-CD43-490F-B7E2-C14D716988EC}"
EndProject
Project("{FAE04EC0-301F-11D3-BF4B-00C04F79EFBC}") = "04.01", "04.01\04.01.csproj", "{93C3B63F-D1FB-486F-8AA4-9063ADE8E9A4}"
EndProject
Project("{FAE04EC0-301F-11D3-BF4B-00C04F79EFBC}") = "04.02", "04.02\04.02.csproj", "{7BD2A14E-D7DD-4C2C-AD7D-6E0B5B848518}"
EndProject
Project("{FAE04EC0-301F-11D3-BF4B-00C04F79EFBC}") = "05.01", "05.01\05.01.csproj", "{E92C02FC-562E-44A3-93C1-C97C09284EE6}"
EndProject
Project("{FAE04EC0-301F-11D3-BF4B-00C04F79EFBC}") = "05.02", "05.02\05.02.csproj", "{02763DC8-D2B1-4181-8B08-DE77416D1CB4}"
EndProject
Project("{FAE04EC0-301F-11D3-BF4B-00C04F79EFBC}") = "06.01", "06.01\06.01.csproj", "{CDA6771E-7674-4B15-A7A8-0648D8BB0E4B}"
EndProject
Project("{FAE04EC0-301F-11D3-BF4B-00C04F79EFBC}") = "06.02", "06.02\06.02.csproj", "{BEE84CF7-9038-4D5E-9F0F-9EFA0BE885EF}"
EndProject
Project("{FAE04EC0-301F-11D3-BF4B-00C04F79EFBC}") = "07.01", "07.01\07.01.csproj", "{37119DD8-BFB9-485E-8DE5-7F2274152A57}"
EndProject
Project("{FAE04EC0-301F-11D3-BF4B-00C04F79EFBC}") = "07.02", "07.02\07.02.csproj", "{034300B4-FDDD-42C9-8684-B48220348449}"
EndProject
Project("{FAE04EC0-301F-11D3-BF4B-00C04F79EFBC}") = "08.01", "08.01\08.01.csproj", "{5A7E3511-515E-4106-BB80-A521F9EBD67F}"
EndProject
Project("{FAE04EC0-301F-11D3-BF4B-00C04F79EFBC}") = "10.01", "10.01\10.01.csproj", "{A6322607-5F56-4448-80FA-3422B53CA688}"
EndProject
Global
	GlobalSection(SolutionConfigurationPlatforms) = preSolution
		Debug|Any CPU = Debug|Any CPU
		Release|Any CPU = Release|Any CPU
	EndGlobalSection
	GlobalSection(ProjectConfigurationPlatforms) = postSolution
		{041E1E27-39E2-4D05-B368-32E732C9EE43}.Debug|Any CPU.ActiveCfg = Debug|Any CPU
		{041E1E27-39E2-4D05-B368-32E732C9EE43}.Debug|Any CPU.Build.0 = Debug|Any CPU
		{041E1E27-39E2-4D05-B368-32E732C9EE43}.Release|Any CPU.ActiveCfg = Release|Any CPU
		{041E1E27-39E2-4D05-B368-32E732C9EE43}.Release|Any CPU.Build.0 = Release|Any CPU
		{3F5EC8A7-3951-43F1-8325-C61C7433C978}.Debug|Any CPU.ActiveCfg = Debug|Any CPU
		{3F5EC8A7-3951-43F1-8325-C61C7433C978}.Debug|Any CPU.Build.0 = Debug|Any CPU
		{3F5EC8A7-3951-43F1-8325-C61C7433C978}.Release|Any CPU.ActiveCfg = Release|Any CPU
		{3F5EC8A7-3951-43F1-8325-C61C7433C978}.Release|Any CPU.Build.0 = Release|Any CPU
		{6887CF3D-61CB-4A8D-9CCE-A91C4A08EC53}.Debug|Any CPU.ActiveCfg = Debug|Any CPU
		{6887CF3D-61CB-4A8D-9CCE-A91C4A08EC53}.Debug|Any CPU.Build.0 = Debug|Any CPU
		{6887CF3D-61CB-4A8D-9CCE-A91C4A08EC53}.Release|Any CPU.ActiveCfg = Release|Any CPU
		{6887CF3D-61CB-4A8D-9CCE-A91C4A08EC53}.Release|Any CPU.Build.0 = Release|Any CPU
		{869AD09A-E4D5-4904-871E-AFB98EB0DE5B}.Debug|Any CPU.ActiveCfg = Debug|Any CPU
		{869AD09A-E4D5-4904-871E-AFB98EB0DE5B}.Debug|Any CPU.Build.0 = Debug|Any CPU
		{869AD09A-E4D5-4904-871E-AFB98EB0DE5B}.Release|Any CPU.ActiveCfg = Release|Any CPU
		{869AD09A-E4D5-4904-871E-AFB98EB0DE5B}.Release|Any CPU.Build.0 = Release|Any CPU
		{8AC3CFDB-9EC0-4EF2-B13C-A054A6990F8E}.Debug|Any CPU.ActiveCfg = Debug|Any CPU
		{8AC3CFDB-9EC0-4EF2-B13C-A054A6990F8E}.Debug|Any CPU.Build.0 = Debug|Any CPU
		{8AC3CFDB-9EC0-4EF2-B13C-A054A6990F8E}.Release|Any CPU.ActiveCfg = Release|Any CPU
		{8AC3CFDB-9EC0-4EF2-B13C-A054A6990F8E}.Release|Any CPU.Build.0 = Release|Any CPU
		{2C952747-CD43-490F-B7E2-C14D716988EC}.Debug|Any CPU.ActiveCfg = Debug|Any CPU
		{2C952747-CD43-490F-B7E2-C14D716988EC}.Debug|Any CPU.Build.0 = Debug|Any CPU
		{2C952747-CD43-490F-B7E2-C14D716988EC}.Release|Any CPU.ActiveCfg = Release|Any CPU
		{2C952747-CD43-490F-B7E2-C14D716988EC}.Release|Any CPU.Build.0 = Release|Any CPU
		{93C3B63F-D1FB-486F-8AA4-9063ADE8E9A4}.Debug|Any CPU.ActiveCfg = Debug|Any CPU
		{93C3B63F-D1FB-486F-8AA4-9063ADE8E9A4}.Debug|Any CPU.Build.0 = Debug|Any CPU
		{93C3B63F-D1FB-486F-8AA4-9063ADE8E9A4}.Release|Any CPU.ActiveCfg = Release|Any CPU
		{93C3B63F-D1FB-486F-8AA4-9063ADE8E9A4}.Release|Any CPU.Build.0 = Release|Any CPU
		{7BD2A14E-D7DD-4C2C-AD7D-6E0B5B848518}.Debug|Any CPU.ActiveCfg = Debug|Any CPU
		{7BD2A14E-D7DD-4C2C-AD7D-6E0B5B848518}.Debug|Any CPU.Build.0 = Debug|Any CPU
		{7BD2A14E-D7DD-4C2C-AD7D-6E0B5B848518}.Release|Any CPU.ActiveCfg = Release|Any CPU
		{7BD2A14E-D7DD-4C2C-AD7D-6E0B5B848518}.Release|Any CPU.Build.0 = Release|Any CPU
		{E92C02FC-562E-44A3-93C1-C97C09284EE6}.Debug|Any CPU.ActiveCfg = Debug|Any CPU
		{E92C02FC-562E-44A3-93C1-C97C09284EE6}.Debug|Any CPU.Build.0 = Debug|Any CPU
		{E92C02FC-562E-44A3-93C1-C97C09284EE6}.Release|Any CPU.ActiveCfg = Release|Any CPU
		{E92C02FC-562E-44A3-93C1-C97C09284EE6}.Release|Any CPU.Build.0 = Release|Any CPU
		{02763DC8-D2B1-4181-8B08-DE77416D1CB4}.Debug|Any CPU.ActiveCfg = Debug|Any CPU
		{02763DC8-D2B1-4181-8B08-DE77416D1CB4}.Debug|Any CPU.Build.0 = Debug|Any CPU
		{02763DC8-D2B1-4181-8B08-DE77416D1CB4}.Release|Any CPU.ActiveCfg = Release|Any CPU
		{02763DC8-D2B1-4181-8B08-DE77416D1CB4}.Release|Any CPU.Build.0 = Release|Any CPU
		{CDA6771E-7674-4B15-A7A8-0648D8BB0E4B}.Debug|Any CPU.ActiveCfg = Debug|Any CPU
		{CDA6771E-7674-4B15-A7A8-0648D8BB0E4B}.Debug|Any CPU.Build.0 = Debug|Any CPU
		{CDA6771E-7674-4B15-A7A8-0648D8BB0E4B}.Release|Any CPU.ActiveCfg = Release|Any CPU
		{CDA6771E-7674-4B15-A7A8-0648D8BB0E4B}.Release|Any CPU.Build.0 = Release|Any CPU
		{BEE84CF7-9038-4D5E-9F0F-9EFA0BE885EF}.Debug|Any CPU.ActiveCfg = Debug|Any CPU
		{BEE84CF7-9038-4D5E-9F0F-9EFA0BE885EF}.Debug|Any CPU.Build.0 = Debug|Any CPU
		{BEE84CF7-9038-4D5E-9F0F-9EFA0BE885EF}.Release|Any CPU.ActiveCfg = Release|Any CPU
		{BEE84CF7-9038-4D5E-9F0F-9EFA0BE885EF}.Release|Any CPU.Build.0 = Release|Any CPU
		{37119DD8-BFB9-485E-8DE5-7F2274152A57}.Debug|Any CPU.ActiveCfg = Debug|Any CPU
		{37119DD8-BFB9-485E-8DE5-7F2274152A57}.Debug|Any CPU.Build.0 = Debug|Any CPU
		{37119DD8-BFB9-485E-8DE5-7F2274152A57}.Release|Any CPU.ActiveCfg = Release|Any CPU
		{37119DD8-BFB9-485E-8DE5-7F2274152A57}.Release|Any CPU.Build.0 = Release|Any CPU
		{034300B4-FDDD-42C9-8684-B48220348449}.Debug|Any CPU.ActiveCfg = Debug|Any CPU
		{034300B4-FDDD-42C9-8684-B48220348449}.Debug|Any CPU.Build.0 = Debug|Any CPU
		{034300B4-FDDD-42C9-8684-B48220348449}.Release|Any CPU.ActiveCfg = Release|Any CPU
		{034300B4-FDDD-42C9-8684-B48220348449}.Release|Any CPU.Build.0 = Release|Any CPU
		{5A7E3511-515E-4106-BB80-A521F9EBD67F}.Debug|Any CPU.ActiveCfg = Debug|Any CPU
		{5A7E3511-515E-4106-BB80-A521F9EBD67F}.Debug|Any CPU.Build.0 = Debug|Any CPU
		{5A7E3511-515E-4106-BB80-A521F9EBD67F}.Release|Any CPU.ActiveCfg = Release|Any CPU
		{5A7E3511-515E-4106-BB80-A521F9EBD67F}.Release|Any CPU.Build.0 = Release|Any CPU
		{A6322607-5F56-4448-80FA-3422B53CA688}.Debug|Any CPU.ActiveCfg = Debug|Any CPU
		{A6322607-5F56-4448-80FA-3422B53CA688}.Debug|Any CPU.Build.0 = Debug|Any CPU
		{A6322607-5F56-4448-80FA-3422B53CA688}.Release|Any CPU.ActiveCfg = Release|Any CPU
		{A6322607-5F56-4448-80FA-3422B53CA688}.Release|Any CPU.Build.0 = Release|Any CPU
	EndGlobalSection
	GlobalSection(SolutionProperties) = preSolution
		HideSolutionNode = FALSE
	EndGlobalSection
EndGlobal
